// !$*UTF8*$!
{
	archiveVersion = 1;
	classes = {
	};
	objectVersion = 46;
	objects = {

/* Begin PBXBuildFile section */
		C0D3B5B31A92BCD8007579D3 /* AppDelegate.swift in Sources */ = {isa = PBXBuildFile; fileRef = C0D3B5B21A92BCD8007579D3 /* AppDelegate.swift */; };
		C0D3B5B61A92BCD8007579D3 /* ExchangeAGram.xcdatamodeld in Sources */ = {isa = PBXBuildFile; fileRef = C0D3B5B41A92BCD8007579D3 /* ExchangeAGram.xcdatamodeld */; };
		C0D3B5B81A92BCD8007579D3 /* ViewController.swift in Sources */ = {isa = PBXBuildFile; fileRef = C0D3B5B71A92BCD8007579D3 /* ViewController.swift */; };
		C0D3B5BB1A92BCD8007579D3 /* Main.storyboard in Resources */ = {isa = PBXBuildFile; fileRef = C0D3B5B91A92BCD8007579D3 /* Main.storyboard */; };
		C0D3B5BD1A92BCD8007579D3 /* Images.xcassets in Resources */ = {isa = PBXBuildFile; fileRef = C0D3B5BC1A92BCD8007579D3 /* Images.xcassets */; };
		C0D3B5C01A92BCD8007579D3 /* LaunchScreen.xib in Resources */ = {isa = PBXBuildFile; fileRef = C0D3B5BE1A92BCD8007579D3 /* LaunchScreen.xib */; };
		C0D3B5CC1A92BCD8007579D3 /* ExchangeAGramTests.swift in Sources */ = {isa = PBXBuildFile; fileRef = C0D3B5CB1A92BCD8007579D3 /* ExchangeAGramTests.swift */; };
/* End PBXBuildFile section */

/* Begin PBXContainerItemProxy section */
		C0D3B5C61A92BCD8007579D3 /* PBXContainerItemProxy */ = {
			isa = PBXContainerItemProxy;
			containerPortal = C0D3B5A51A92BCD8007579D3 /* Project object */;
			proxyType = 1;
			remoteGlobalIDString = C0D3B5AC1A92BCD8007579D3;
			remoteInfo = ExchangeAGram;
		};
/* End PBXContainerItemProxy section */

/* Begin PBXFileReference section */
		C0D3B5AD1A92BCD8007579D3 /* ExchangeAGram.app */ = {isa = PBXFileReference; explicitFileType = wrapper.application; includeInIndex = 0; path = ExchangeAGram.app; sourceTree = BUILT_PRODUCTS_DIR; };
		C0D3B5B11A92BCD8007579D3 /* Info.plist */ = {isa = PBXFileReference; lastKnownFileType = text.plist.xml; path = Info.plist; sourceTree = "<group>"; };
		C0D3B5B21A92BCD8007579D3 /* AppDelegate.swift */ = {isa = PBXFileReference; lastKnownFileType = sourcecode.swift; path = AppDelegate.swift; sourceTree = "<group>"; };
		C0D3B5B51A92BCD8007579D3 /* ExchangeAGram.xcdatamodel */ = {isa = PBXFileReference; lastKnownFileType = wrapper.xcdatamodel; path = ExchangeAGram.xcdatamodel; sourceTree = "<group>"; };
		C0D3B5B71A92BCD8007579D3 /* ViewController.swift */ = {isa = PBXFileReference; lastKnownFileType = sourcecode.swift; path = ViewController.swift; sourceTree = "<group>"; };
		C0D3B5BA1A92BCD8007579D3 /* Base */ = {isa = PBXFileReference; lastKnownFileType = file.storyboard; name = Base; path = Base.lproj/Main.storyboard; sourceTree = "<group>"; };
		C0D3B5BC1A92BCD8007579D3 /* Images.xcassets */ = {isa = PBXFileReference; lastKnownFileType = folder.assetcatalog; path = Images.xcassets; sourceTree = "<group>"; };
		C0D3B5BF1A92BCD8007579D3 /* Base */ = {isa = PBXFileReference; lastKnownFileType = file.xib; name = Base; path = Base.lproj/LaunchScreen.xib; sourceTree = "<group>"; };
		C0D3B5C51A92BCD8007579D3 /* ExchangeAGramTests.xctest */ = {isa = PBXFileReference; explicitFileType = wrapper.cfbundle; includeInIndex = 0; path = ExchangeAGramTests.xctest; sourceTree = BUILT_PRODUCTS_DIR; };
		C0D3B5CA1A92BCD8007579D3 /* Info.plist */ = {isa = PBXFileReference; lastKnownFileType = text.plist.xml; path = Info.plist; sourceTree = "<group>"; };
		C0D3B5CB1A92BCD8007579D3 /* ExchangeAGramTests.swift */ = {isa = PBXFileReference; lastKnownFileType = sourcecode.swift; path = ExchangeAGramTests.swift; sourceTree = "<group>"; };
/* End PBXFileReference section */

/* Begin PBXFrameworksBuildPhase section */
		C0D3B5AA1A92BCD8007579D3 /* Frameworks */ = {
			isa = PBXFrameworksBuildPhase;
			buildActionMask = 2147483647;
			files = (
			);
			runOnlyForDeploymentPostprocessing = 0;
		};
		C0D3B5C21A92BCD8007579D3 /* Frameworks */ = {
			isa = PBXFrameworksBuildPhase;
			buildActionMask = 2147483647;
			files = (
			);
			runOnlyForDeploymentPostprocessing = 0;
		};
/* End PBXFrameworksBuildPhase section */

/* Begin PBXGroup section */
		C0D3B5A41A92BCD8007579D3 = {
			isa = PBXGroup;
			children = (
				C0D3B5AF1A92BCD8007579D3 /* ExchangeAGram */,
				C0D3B5C81A92BCD8007579D3 /* ExchangeAGramTests */,
				C0D3B5AE1A92BCD8007579D3 /* Products */,
			);
			sourceTree = "<group>";
		};
		C0D3B5AE1A92BCD8007579D3 /* Products */ = {
			isa = PBXGroup;
			children = (
				C0D3B5AD1A92BCD8007579D3 /* ExchangeAGram.app */,
				C0D3B5C51A92BCD8007579D3 /* ExchangeAGramTests.xctest */,
			);
			name = Products;
			sourceTree = "<group>";
		};
		C0D3B5AF1A92BCD8007579D3 /* ExchangeAGram */ = {
			isa = PBXGroup;
			children = (
				C0D3B5B21A92BCD8007579D3 /* AppDelegate.swift */,
				C0D3B5B71A92BCD8007579D3 /* ViewController.swift */,
				C0D3B5B91A92BCD8007579D3 /* Main.storyboard */,
				C0D3B5BC1A92BCD8007579D3 /* Images.xcassets */,
				C0D3B5BE1A92BCD8007579D3 /* LaunchScreen.xib */,
				C0D3B5B41A92BCD8007579D3 /* ExchangeAGram.xcdatamodeld */,
				C0D3B5B01A92BCD8007579D3 /* Supporting Files */,
			);
			path = ExchangeAGram;
			sourceTree = "<group>";
		};
		C0D3B5B01A92BCD8007579D3 /* Supporting Files */ = {
			isa = PBXGroup;
			children = (
				C0D3B5B11A92BCD8007579D3 /* Info.plist */,
			);
			name = "Supporting Files";
			sourceTree = "<group>";
		};
		C0D3B5C81A92BCD8007579D3 /* ExchangeAGramTests */ = {
			isa = PBXGroup;
			children = (
				C0D3B5CB1A92BCD8007579D3 /* ExchangeAGramTests.swift */,
				C0D3B5C91A92BCD8007579D3 /* Supporting Files */,
			);
			path = ExchangeAGramTests;
			sourceTree = "<group>";
		};
		C0D3B5C91A92BCD8007579D3 /* Supporting Files */ = {
			isa = PBXGroup;
			children = (
				C0D3B5CA1A92BCD8007579D3 /* Info.plist */,
			);
			name = "Supporting Files";
			sourceTree = "<group>";
		};
/* End PBXGroup section */

/* Begin PBXNativeTarget section */
		C0D3B5AC1A92BCD8007579D3 /* ExchangeAGram */ = {
			isa = PBXNativeTarget;
			buildConfigurationList = C0D3B5CF1A92BCD8007579D3 /* Build configuration list for PBXNativeTarget "ExchangeAGram" */;
			buildPhases = (
				C0D3B5A91A92BCD8007579D3 /* Sources */,
				C0D3B5AA1A92BCD8007579D3 /* Frameworks */,
				C0D3B5AB1A92BCD8007579D3 /* Resources */,
			);
			buildRules = (
			);
			dependencies = (
			);
			name = ExchangeAGram;
			productName = ExchangeAGram;
			productReference = C0D3B5AD1A92BCD8007579D3 /* ExchangeAGram.app */;
			productType = "com.apple.product-type.application";
		};
		C0D3B5C41A92BCD8007579D3 /* ExchangeAGramTests */ = {
			isa = PBXNativeTarget;
			buildConfigurationList = C0D3B5D21A92BCD8007579D3 /* Build configuration list for PBXNativeTarget "ExchangeAGramTests" */;
			buildPhases = (
				C0D3B5C11A92BCD8007579D3 /* Sources */,
				C0D3B5C21A92BCD8007579D3 /* Frameworks */,
				C0D3B5C31A92BCD8007579D3 /* Resources */,
			);
			buildRules = (
			);
			dependencies = (
				C0D3B5C71A92BCD8007579D3 /* PBXTargetDependency */,
			);
			name = ExchangeAGramTests;
			productName = ExchangeAGramTests;
			productReference = C0D3B5C51A92BCD8007579D3 /* ExchangeAGramTests.xctest */;
			productType = "com.apple.product-type.bundle.unit-test";
		};
/* End PBXNativeTarget section */

/* Begin PBXProject section */
		C0D3B5A51A92BCD8007579D3 /* Project object */ = {
			isa = PBXProject;
			attributes = {
				LastUpgradeCheck = 0610;
				ORGANIZATIONNAME = BitFountain;
				TargetAttributes = {
					C0D3B5AC1A92BCD8007579D3 = {
						CreatedOnToolsVersion = 6.1.1;
					};
					C0D3B5C41A92BCD8007579D3 = {
						CreatedOnToolsVersion = 6.1.1;
						TestTargetID = C0D3B5AC1A92BCD8007579D3;
					};
				};
			};
			buildConfigurationList = C0D3B5A81A92BCD8007579D3 /* Build configuration list for PBXProject "ExchangeAGram" */;
			compatibilityVersion = "Xcode 3.2";
			developmentRegion = English;
			hasScannedForEncodings = 0;
			knownRegions = (
				en,
				Base,
			);
			mainGroup = C0D3B5A41A92BCD8007579D3;
			productRefGroup = C0D3B5AE1A92BCD8007579D3 /* Products */;
			projectDirPath = "";
			projectRoot = "";
			targets = (
				C0D3B5AC1A92BCD8007579D3 /* ExchangeAGram */,
				C0D3B5C41A92BCD8007579D3 /* ExchangeAGramTests */,
			);
		};
/* End PBXProject section */

/* Begin PBXResourcesBuildPhase section */
		C0D3B5AB1A92BCD8007579D3 /* Resources */ = {
			isa = PBXResourcesBuildPhase;
			buildActionMask = 2147483647;
			files = (
				C0D3B5BB1A92BCD8007579D3 /* Main.storyboard in Resources */,
				C0D3B5C01A92BCD8007579D3 /* LaunchScreen.xib in Resources */,
				C0D3B5BD1A92BCD8007579D3 /* Images.xcassets in Resources */,
			);
			runOnlyForDeploymentPostprocessing = 0;
		};
		C0D3B5C31A92BCD8007579D3 /* Resources */ = {
			isa = PBXResourcesBuildPhase;
			buildActionMask = 2147483647;
			files = (
			);
			runOnlyForDeploymentPostprocessing = 0;
		};
/* End PBXResourcesBuildPhase section */

/* Begin PBXSourcesBuildPhase section */
		C0D3B5A91A92BCD8007579D3 /* Sources */ = {
			isa = PBXSourcesBuildPhase;
			buildActionMask = 2147483647;
			files = (
				C0D3B5B81A92BCD8007579D3 /* ViewController.swift in Sources */,
				C0D3B5B31A92BCD8007579D3 /* AppDelegate.swift in Sources */,
				C0D3B5B61A92BCD8007579D3 /* ExchangeAGram.xcdatamodeld in Sources */,
			);
			runOnlyForDeploymentPostprocessing = 0;
		};
		C0D3B5C11A92BCD8007579D3 /* Sources */ = {
			isa = PBXSourcesBuildPhase;
			buildActionMask = 2147483647;
			files = (
				C0D3B5CC1A92BCD8007579D3 /* ExchangeAGramTests.swift in Sources */,
			);
			runOnlyForDeploymentPostprocessing = 0;
		};
/* End PBXSourcesBuildPhase section */

/* Begin PBXTargetDependency section */
		C0D3B5C71A92BCD8007579D3 /* PBXTargetDependency */ = {
			isa = PBXTargetDependency;
			target = C0D3B5AC1A92BCD8007579D3 /* ExchangeAGram */;
			targetProxy = C0D3B5C61A92BCD8007579D3 /* PBXContainerItemProxy */;
		};
/* End PBXTargetDependency section */

/* Begin PBXVariantGroup section */
		C0D3B5B91A92BCD8007579D3 /* Main.storyboard */ = {
			isa = PBXVariantGroup;
			children = (
				C0D3B5BA1A92BCD8007579D3 /* Base */,
			);
			name = Main.storyboard;
			sourceTree = "<group>";
		};
		C0D3B5BE1A92BCD8007579D3 /* LaunchScreen.xib */ = {
			isa = PBXVariantGroup;
			children = (
				C0D3B5BF1A92BCD8007579D3 /* Base */,
			);
			name = LaunchScreen.xib;
			sourceTree = "<group>";
		};
/* End PBXVariantGroup section */

/* Begin XCBuildConfiguration section */
		C0D3B5CD1A92BCD8007579D3 /* Debug */ = {
			isa = XCBuildConfiguration;
			buildSettings = {
				ALWAYS_SEARCH_USER_PATHS = NO;
				CLANG_CXX_LANGUAGE_STANDARD = "gnu++0x";
				CLANG_CXX_LIBRARY = "libc++";
				CLANG_ENABLE_MODULES = YES;
				CLANG_ENABLE_OBJC_ARC = YES;
				CLANG_WARN_BOOL_CONVERSION = YES;
				CLANG_WARN_CONSTANT_CONVERSION = YES;
				CLANG_WARN_DIRECT_OBJC_ISA_USAGE = YES_ERROR;
				CLANG_WARN_EMPTY_BODY = YES;
				CLANG_WARN_ENUM_CONVERSION = YES;
				CLANG_WARN_INT_CONVERSION = YES;
				CLANG_WARN_OBJC_ROOT_CLASS = YES_ERROR;
				CLANG_WARN_UNREACHABLE_CODE = YES;
				CLANG_WARN__DUPLICATE_METHOD_MATCH = YES;
				"CODE_SIGN_IDENTITY[sdk=iphoneos*]" = "iPhone Developer";
				COPY_PHASE_STRIP = NO;
				ENABLE_STRICT_OBJC_MSGSEND = YES;
				GCC_C_LANGUAGE_STANDARD = gnu99;
				GCC_DYNAMIC_NO_PIC = NO;
				GCC_OPTIMIZATION_LEVEL = 0;
				GCC_PREPROCESSOR_DEFINITIONS = (
					"DEBUG=1",
					"$(inherited)",
				);
				GCC_SYMBOLS_PRIVATE_EXTERN = NO;
				GCC_WARN_64_TO_32_BIT_CONVERSION = YES;
				GCC_WARN_ABOUT_RETURN_TYPE = YES_ERROR;
				GCC_WARN_UNDECLARED_SELECTOR = YES;
				GCC_WARN_UNINITIALIZED_AUTOS = YES_AGGRESSIVE;
				GCC_WARN_UNUSED_FUNCTION = YES;
				GCC_WARN_UNUSED_VARIABLE = YES;
				IPHONEOS_DEPLOYMENT_TARGET = 8.1;
				MTL_ENABLE_DEBUG_INFO = YES;
				ONLY_ACTIVE_ARCH = YES;
				SDKROOT = iphoneos;
				SWIFT_OPTIMIZATION_LEVEL = "-Onone";
				TARGETED_DEVICE_FAMILY = "1,2";
			};
			name = Debug;
		};
		C0D3B5CE1A92BCD8007579D3 /* Release */ = {
			isa = XCBuildConfiguration;
			buildSettings = {
				ALWAYS_SEARCH_USER_PATHS = NO;
				CLANG_CXX_LANGUAGE_STANDARD = "gnu++0x";
				CLANG_CXX_LIBRARY = "libc++";
				CLANG_ENABLE_MODULES = YES;
				CLANG_ENABLE_OBJC_ARC = YES;
				CLANG_WARN_BOOL_CONVERSION = YES;
				CLANG_WARN_CONSTANT_CONVERSION = YES;
				CLANG_WARN_DIRECT_OBJC_ISA_USAGE = YES_ERROR;
				CLANG_WARN_EMPTY_BODY = YES;
				CLANG_WARN_ENUM_CONVERSION = YES;
				CLANG_WARN_INT_CONVERSION = YES;
				CLANG_WARN_OBJC_ROOT_CLASS = YES_ERROR;
				CLANG_WARN_UNREACHABLE_CODE = YES;
				CLANG_WARN__DUPLICATE_METHOD_MATCH = YES;
				"CODE_SIGN_IDENTITY[sdk=iphoneos*]" = "iPhone Developer";
				COPY_PHASE_STRIP = YES;
				ENABLE_NS_ASSERTIONS = NO;
				ENABLE_STRICT_OBJC_MSGSEND = YES;
				GCC_C_LANGUAGE_STANDARD = gnu99;
				GCC_WARN_64_TO_32_BIT_CONVERSION = YES;
				GCC_WARN_ABOUT_RETURN_TYPE = YES_ERROR;
				GCC_WARN_UNDECLARED_SELECTOR = YES;
				GCC_WARN_UNINITIALIZED_AUTOS = YES_AGGRESSIVE;
				GCC_WARN_UNUSED_FUNCTION = YES;
				GCC_WARN_UNUSED_VARIABLE = YES;
				IPHONEOS_DEPLOYMENT_TARGET = 8.1;
				MTL_ENABLE_DEBUG_INFO = NO;
				SDKROOT = iphoneos;
				TARGETED_DEVICE_FAMILY = "1,2";
				VALIDATE_PRODUCT = YES;
			};
			name = Release;
		};
		C0D3B5D01A92BCD8007579D3 /* Debug */ = {
			isa = XCBuildConfiguration;
			buildSettings = {
				ASSETCATALOG_COMPILER_APPICON_NAME = AppIcon;
				INFOPLIST_FILE = ExchangeAGram/Info.plist;
				LD_RUNPATH_SEARCH_PATHS = "$(inherited) @executable_path/Frameworks";
				PRODUCT_NAME = "$(TARGET_NAME)";
			};
			name = Debug;
		};
		C0D3B5D11A92BCD8007579D3 /* Release */ = {
			isa = XCBuildConfiguration;
			buildSettings = {
				ASSETCATALOG_COMPILER_APPICON_NAME = AppIcon;
				INFOPLIST_FILE = ExchangeAGram/Info.plist;
				LD_RUNPATH_SEARCH_PATHS = "$(inherited) @executable_path/Frameworks";
				PRODUCT_NAME = "$(TARGET_NAME)";
			};
			name = Release;
		};
		C0D3B5D31A92BCD8007579D3 /* Debug */ = {
			isa = XCBuildConfiguration;
			buildSettings = {
				BUNDLE_LOADER = "$(TEST_HOST)";
				FRAMEWORK_SEARCH_PATHS = (
					"$(SDKROOT)/Developer/Library/Frameworks",
					"$(inherited)",
				);
				GCC_PREPROCESSOR_DEFINITIONS = (
					"DEBUG=1",
					"$(inherited)",
				);
				INFOPLIST_FILE = ExchangeAGramTests/Info.plist;
				LD_RUNPATH_SEARCH_PATHS = "$(inherited) @executable_path/Frameworks @loader_path/Frameworks";
				PRODUCT_NAME = "$(TARGET_NAME)";
				TEST_HOST = "$(BUILT_PRODUCTS_DIR)/ExchangeAGram.app/ExchangeAGram";
			};
			name = Debug;
		};
		C0D3B5D41A92BCD8007579D3 /* Release */ = {
			isa = XCBuildConfiguration;
			buildSettings = {
				BUNDLE_LOADER = "$(TEST_HOST)";
				FRAMEWORK_SEARCH_PATHS = (
					"$(SDKROOT)/Developer/Library/Frameworks",
					"$(inherited)",
				);
				INFOPLIST_FILE = ExchangeAGramTests/Info.plist;
				LD_RUNPATH_SEARCH_PATHS = "$(inherited) @executable_path/Frameworks @loader_path/Frameworks";
				PRODUCT_NAME = "$(TARGET_NAME)";
				TEST_HOST = "$(BUILT_PRODUCTS_DIR)/ExchangeAGram.app/ExchangeAGram";
			};
			name = Release;
		};
/* End XCBuildConfiguration section */

/* Begin XCConfigurationList section */
		C0D3B5A81A92BCD8007579D3 /* Build configuration list for PBXProject "ExchangeAGram" */ = {
			isa = XCConfigurationList;
			buildConfigurations = (
				C0D3B5CD1A92BCD8007579D3 /* Debug */,
				C0D3B5CE1A92BCD8007579D3 /* Release */,
			);
			defaultConfigurationIsVisible = 0;
			defaultConfigurationName = Release;
		};
		C0D3B5CF1A92BCD8007579D3 /* Build configuration list for PBXNativeTarget "ExchangeAGram" */ = {
			isa = XCConfigurationList;
			buildConfigurations = (
				C0D3B5D01A92BCD8007579D3 /* Debug */,
				C0D3B5D11A92BCD8007579D3 /* Release */,
			);
			defaultConfigurationIsVisible = 0;
		};
		C0D3B5D21A92BCD8007579D3 /* Build configuration list for PBXNativeTarget "ExchangeAGramTests" */ = {
			isa = XCConfigurationList;
			buildConfigurations = (
				C0D3B5D31A92BCD8007579D3 /* Debug */,
				C0D3B5D41A92BCD8007579D3 /* Release */,
			);
			defaultConfigurationIsVisible = 0;
		};
/* End XCConfigurationList section */

/* Begin XCVersionGroup section */
		C0D3B5B41A92BCD8007579D3 /* ExchangeAGram.xcdatamodeld */ = {
			isa = XCVersionGroup;
			children = (
				C0D3B5B51A92BCD8007579D3 /* ExchangeAGram.xcdatamodel */,
			);
			currentVersion = C0D3B5B51A92BCD8007579D3 /* ExchangeAGram.xcdatamodel */;
			path = ExchangeAGram.xcdatamodeld;
			sourceTree = "<group>";
			versionGroupType = wrapper.xcdatamodel;
		};
/* End XCVersionGroup section */
	};
	rootObject = C0D3B5A51A92BCD8007579D3 /* Project object */;
}
